// !$*UTF8*$!
{
	archiveVersion = 1;
	classes = {
	};
	objectVersion = 46;
	objects = {

/* Begin PBXBuildFile section */
		4D1E3DA619FC2C1E000D376C /* Foundation.framework in Frameworks */ = {isa = PBXBuildFile; fileRef = 4D1E3DA519FC2C1E000D376C /* Foundation.framework */; };
		4D1E3DA819FC2C1E000D376C /* CoreGraphics.framework in Frameworks */ = {isa = PBXBuildFile; fileRef = 4D1E3DA719FC2C1E000D376C /* CoreGraphics.framework */; };
		4D1E3DAA19FC2C1E000D376C /* UIKit.framework in Frameworks */ = {isa = PBXBuildFile; fileRef = 4D1E3DA919FC2C1E000D376C /* UIKit.framework */; };
		4D1E3DB019FC2C1E000D376C /* InfoPlist.strings in Resources */ = {isa = PBXBuildFile; fileRef = 4D1E3DAE19FC2C1E000D376C /* InfoPlist.strings */; };
		4D1E3DB219FC2C1E000D376C /* main.m in Sources */ = {isa = PBXBuildFile; fileRef = 4D1E3DB119FC2C1E000D376C /* main.m */; };
		4D1E3DB619FC2C1E000D376C /* ABAppDelegate.m in Sources */ = {isa = PBXBuildFile; fileRef = 4D1E3DB519FC2C1E000D376C /* ABAppDelegate.m */; };
		4D1E3DB919FC2C1E000D376C /* Main.storyboard in Resources */ = {isa = PBXBuildFile; fileRef = 4D1E3DB719FC2C1E000D376C /* Main.storyboard */; };
		4D1E3DBC19FC2C1E000D376C /* ABViewController.m in Sources */ = {isa = PBXBuildFile; fileRef = 4D1E3DBB19FC2C1E000D376C /* ABViewController.m */; };
		4D1E3DBE19FC2C1E000D376C /* Images.xcassets in Resources */ = {isa = PBXBuildFile; fileRef = 4D1E3DBD19FC2C1E000D376C /* Images.xcassets */; };
		4D1E3DC519FC2C1E000D376C /* XCTest.framework in Frameworks */ = {isa = PBXBuildFile; fileRef = 4D1E3DC419FC2C1E000D376C /* XCTest.framework */; };
		4D1E3DC619FC2C1E000D376C /* Foundation.framework in Frameworks */ = {isa = PBXBuildFile; fileRef = 4D1E3DA519FC2C1E000D376C /* Foundation.framework */; };
		4D1E3DC719FC2C1E000D376C /* UIKit.framework in Frameworks */ = {isa = PBXBuildFile; fileRef = 4D1E3DA919FC2C1E000D376C /* UIKit.framework */; };
		4D1E3DCF19FC2C1E000D376C /* InfoPlist.strings in Resources */ = {isa = PBXBuildFile; fileRef = 4D1E3DCD19FC2C1E000D376C /* InfoPlist.strings */; };
		4D1E3DD119FC2C1E000D376C /* MyTvBoxTests.m in Sources */ = {isa = PBXBuildFile; fileRef = 4D1E3DD019FC2C1E000D376C /* MyTvBoxTests.m */; };
		4D78A6591A09C1D800F42A85 /* RECommonFunctions.m in Sources */ = {isa = PBXBuildFile; fileRef = 4D78A6541A09C1D800F42A85 /* RECommonFunctions.m */; };
		4D78A65A1A09C1D800F42A85 /* RESideMenu.m in Sources */ = {isa = PBXBuildFile; fileRef = 4D78A6561A09C1D800F42A85 /* RESideMenu.m */; };
		4D78A65B1A09C1D800F42A85 /* UIViewController+RESideMenu.m in Sources */ = {isa = PBXBuildFile; fileRef = 4D78A6581A09C1D800F42A85 /* UIViewController+RESideMenu.m */; };
		4D78A65E1A09C21000F42A85 /* ABRootViewController.m in Sources */ = {isa = PBXBuildFile; fileRef = 4D78A65D1A09C21000F42A85 /* ABRootViewController.m */; };
		4D78A6611A09C21D00F42A85 /* ABLeftMenuViewController.m in Sources */ = {isa = PBXBuildFile; fileRef = 4D78A6601A09C21D00F42A85 /* ABLeftMenuViewController.m */; };
		4D78A6641A09C22F00F42A85 /* ABFirstViewController.m in Sources */ = {isa = PBXBuildFile; fileRef = 4D78A6631A09C22F00F42A85 /* ABFirstViewController.m */; };
		4D7EE47F19FC326700083C49 /* ABMovieViewController.m in Sources */ = {isa = PBXBuildFile; fileRef = 4D7EE47E19FC326700083C49 /* ABMovieViewController.m */; };
		4D7EE48319FC5AB300083C49 /* ABMovieCell.m in Sources */ = {isa = PBXBuildFile; fileRef = 4D7EE48119FC5AB300083C49 /* ABMovieCell.m */; };
		4D7EE48419FC5AB300083C49 /* ABMovieCell.xib in Resources */ = {isa = PBXBuildFile; fileRef = 4D7EE48219FC5AB300083C49 /* ABMovieCell.xib */; };
		4D7EE48919FC97C600083C49 /* ABMovie.m in Sources */ = {isa = PBXBuildFile; fileRef = 4D7EE48819FC97C500083C49 /* ABMovie.m */; };
		4D7EE48C19FF1B3D00083C49 /* ABMovieDetailViewController.m in Sources */ = {isa = PBXBuildFile; fileRef = 4D7EE48B19FF1B3D00083C49 /* ABMovieDetailViewController.m */; };
		4D7EE4921A0091A900083C49 /* ABReviewCell.m in Sources */ = {isa = PBXBuildFile; fileRef = 4D7EE4901A0091A900083C49 /* ABReviewCell.m */; };
		4D7EE4931A0091A900083C49 /* ABReviewCell.xib in Resources */ = {isa = PBXBuildFile; fileRef = 4D7EE4911A0091A900083C49 /* ABReviewCell.xib */; };
		678EF669F53C159FF24024DF /* libPods.a in Frameworks */ = {isa = PBXBuildFile; fileRef = D1D5D6BAD7F8525F0A9168F9 /* libPods.a */; };
/* End PBXBuildFile section */

/* Begin PBXContainerItemProxy section */
		4D1E3DC819FC2C1E000D376C /* PBXContainerItemProxy */ = {
			isa = PBXContainerItemProxy;
			containerPortal = 4D1E3D9A19FC2C1E000D376C /* Project object */;
			proxyType = 1;
			remoteGlobalIDString = 4D1E3DA119FC2C1E000D376C;
			remoteInfo = MyTvBox;
		};
/* End PBXContainerItemProxy section */

/* Begin PBXFileReference section */
		131F86079DE250D91BEF6308 /* Pods.release.xcconfig */ = {isa = PBXFileReference; includeInIndex = 1; lastKnownFileType = text.xcconfig; name = Pods.release.xcconfig; path = "Pods/Target Support Files/Pods/Pods.release.xcconfig"; sourceTree = "<group>"; };
		451E884B96D2579E4BC1A927 /* Pods.debug.xcconfig */ = {isa = PBXFileReference; includeInIndex = 1; lastKnownFileType = text.xcconfig; name = Pods.debug.xcconfig; path = "Pods/Target Support Files/Pods/Pods.debug.xcconfig"; sourceTree = "<group>"; };
		4D1E3DA219FC2C1E000D376C /* MyTvBox.app */ = {isa = PBXFileReference; explicitFileType = wrapper.application; includeInIndex = 0; path = MyTvBox.app; sourceTree = BUILT_PRODUCTS_DIR; };
		4D1E3DA519FC2C1E000D376C /* Foundation.framework */ = {isa = PBXFileReference; lastKnownFileType = wrapper.framework; name = Foundation.framework; path = System/Library/Frameworks/Foundation.framework; sourceTree = SDKROOT; };
		4D1E3DA719FC2C1E000D376C /* CoreGraphics.framework */ = {isa = PBXFileReference; lastKnownFileType = wrapper.framework; name = CoreGraphics.framework; path = System/Library/Frameworks/CoreGraphics.framework; sourceTree = SDKROOT; };
		4D1E3DA919FC2C1E000D376C /* UIKit.framework */ = {isa = PBXFileReference; lastKnownFileType = wrapper.framework; name = UIKit.framework; path = System/Library/Frameworks/UIKit.framework; sourceTree = SDKROOT; };
		4D1E3DAD19FC2C1E000D376C /* MyTvBox-Info.plist */ = {isa = PBXFileReference; lastKnownFileType = text.plist.xml; path = "MyTvBox-Info.plist"; sourceTree = "<group>"; };
		4D1E3DAF19FC2C1E000D376C /* en */ = {isa = PBXFileReference; lastKnownFileType = text.plist.strings; name = en; path = en.lproj/InfoPlist.strings; sourceTree = "<group>"; };
		4D1E3DB119FC2C1E000D376C /* main.m */ = {isa = PBXFileReference; lastKnownFileType = sourcecode.c.objc; path = main.m; sourceTree = "<group>"; };
		4D1E3DB319FC2C1E000D376C /* MyTvBox-Prefix.pch */ = {isa = PBXFileReference; lastKnownFileType = sourcecode.c.h; path = "MyTvBox-Prefix.pch"; sourceTree = "<group>"; };
		4D1E3DB419FC2C1E000D376C /* ABAppDelegate.h */ = {isa = PBXFileReference; lastKnownFileType = sourcecode.c.h; path = ABAppDelegate.h; sourceTree = "<group>"; };
		4D1E3DB519FC2C1E000D376C /* ABAppDelegate.m */ = {isa = PBXFileReference; lastKnownFileType = sourcecode.c.objc; path = ABAppDelegate.m; sourceTree = "<group>"; };
		4D1E3DB819FC2C1E000D376C /* Base */ = {isa = PBXFileReference; lastKnownFileType = file.storyboard; name = Base; path = Base.lproj/Main.storyboard; sourceTree = "<group>"; };
		4D1E3DBA19FC2C1E000D376C /* ABViewController.h */ = {isa = PBXFileReference; lastKnownFileType = sourcecode.c.h; path = ABViewController.h; sourceTree = "<group>"; };
		4D1E3DBB19FC2C1E000D376C /* ABViewController.m */ = {isa = PBXFileReference; lastKnownFileType = sourcecode.c.objc; path = ABViewController.m; sourceTree = "<group>"; };
		4D1E3DBD19FC2C1E000D376C /* Images.xcassets */ = {isa = PBXFileReference; lastKnownFileType = folder.assetcatalog; path = Images.xcassets; sourceTree = "<group>"; };
		4D1E3DC319FC2C1E000D376C /* MyTvBoxTests.xctest */ = {isa = PBXFileReference; explicitFileType = wrapper.cfbundle; includeInIndex = 0; path = MyTvBoxTests.xctest; sourceTree = BUILT_PRODUCTS_DIR; };
		4D1E3DC419FC2C1E000D376C /* XCTest.framework */ = {isa = PBXFileReference; lastKnownFileType = wrapper.framework; name = XCTest.framework; path = Library/Frameworks/XCTest.framework; sourceTree = DEVELOPER_DIR; };
		4D1E3DCC19FC2C1E000D376C /* MyTvBoxTests-Info.plist */ = {isa = PBXFileReference; lastKnownFileType = text.plist.xml; path = "MyTvBoxTests-Info.plist"; sourceTree = "<group>"; };
		4D1E3DCE19FC2C1E000D376C /* en */ = {isa = PBXFileReference; lastKnownFileType = text.plist.strings; name = en; path = en.lproj/InfoPlist.strings; sourceTree = "<group>"; };
		4D1E3DD019FC2C1E000D376C /* MyTvBoxTests.m */ = {isa = PBXFileReference; lastKnownFileType = sourcecode.c.objc; path = MyTvBoxTests.m; sourceTree = "<group>"; };
		4D78A6531A09C1D800F42A85 /* RECommonFunctions.h */ = {isa = PBXFileReference; fileEncoding = 4; lastKnownFileType = sourcecode.c.h; path = RECommonFunctions.h; sourceTree = "<group>"; };
		4D78A6541A09C1D800F42A85 /* RECommonFunctions.m */ = {isa = PBXFileReference; fileEncoding = 4; lastKnownFileType = sourcecode.c.objc; path = RECommonFunctions.m; sourceTree = "<group>"; };
		4D78A6551A09C1D800F42A85 /* RESideMenu.h */ = {isa = PBXFileReference; fileEncoding = 4; lastKnownFileType = sourcecode.c.h; path = RESideMenu.h; sourceTree = "<group>"; };
		4D78A6561A09C1D800F42A85 /* RESideMenu.m */ = {isa = PBXFileReference; fileEncoding = 4; lastKnownFileType = sourcecode.c.objc; path = RESideMenu.m; sourceTree = "<group>"; };
		4D78A6571A09C1D800F42A85 /* UIViewController+RESideMenu.h */ = {isa = PBXFileReference; fileEncoding = 4; lastKnownFileType = sourcecode.c.h; path = "UIViewController+RESideMenu.h"; sourceTree = "<group>"; };
		4D78A6581A09C1D800F42A85 /* UIViewController+RESideMenu.m */ = {isa = PBXFileReference; fileEncoding = 4; lastKnownFileType = sourcecode.c.objc; path = "UIViewController+RESideMenu.m"; sourceTree = "<group>"; };
		4D78A65C1A09C21000F42A85 /* ABRootViewController.h */ = {isa = PBXFileReference; fileEncoding = 4; lastKnownFileType = sourcecode.c.h; path = ABRootViewController.h; sourceTree = "<group>"; };
		4D78A65D1A09C21000F42A85 /* ABRootViewController.m */ = {isa = PBXFileReference; fileEncoding = 4; lastKnownFileType = sourcecode.c.objc; path = ABRootViewController.m; sourceTree = "<group>"; };
		4D78A65F1A09C21D00F42A85 /* ABLeftMenuViewController.h */ = {isa = PBXFileReference; fileEncoding = 4; lastKnownFileType = sourcecode.c.h; path = ABLeftMenuViewController.h; sourceTree = "<group>"; };
		4D78A6601A09C21D00F42A85 /* ABLeftMenuViewController.m */ = {isa = PBXFileReference; fileEncoding = 4; lastKnownFileType = sourcecode.c.objc; path = ABLeftMenuViewController.m; sourceTree = "<group>"; };
		4D78A6621A09C22F00F42A85 /* ABFirstViewController.h */ = {isa = PBXFileReference; fileEncoding = 4; lastKnownFileType = sourcecode.c.h; path = ABFirstViewController.h; sourceTree = "<group>"; };
		4D78A6631A09C22F00F42A85 /* ABFirstViewController.m */ = {isa = PBXFileReference; fileEncoding = 4; lastKnownFileType = sourcecode.c.objc; path = ABFirstViewController.m; sourceTree = "<group>"; };
		4D7EE47D19FC326700083C49 /* ABMovieViewController.h */ = {isa = PBXFileReference; fileEncoding = 4; lastKnownFileType = sourcecode.c.h; path = ABMovieViewController.h; sourceTree = "<group>"; };
		4D7EE47E19FC326700083C49 /* ABMovieViewController.m */ = {isa = PBXFileReference; fileEncoding = 4; lastKnownFileType = sourcecode.c.objc; path = ABMovieViewController.m; sourceTree = "<group>"; };
		4D7EE48019FC5AB300083C49 /* ABMovieCell.h */ = {isa = PBXFileReference; fileEncoding = 4; lastKnownFileType = sourcecode.c.h; path = ABMovieCell.h; sourceTree = "<group>"; };
		4D7EE48119FC5AB300083C49 /* ABMovieCell.m */ = {isa = PBXFileReference; fileEncoding = 4; lastKnownFileType = sourcecode.c.objc; path = ABMovieCell.m; sourceTree = "<group>"; };
		4D7EE48219FC5AB300083C49 /* ABMovieCell.xib */ = {isa = PBXFileReference; fileEncoding = 4; lastKnownFileType = file.xib; path = ABMovieCell.xib; sourceTree = "<group>"; };
		4D7EE48719FC97C500083C49 /* ABMovie.h */ = {isa = PBXFileReference; fileEncoding = 4; lastKnownFileType = sourcecode.c.h; path = ABMovie.h; sourceTree = "<group>"; };
		4D7EE48819FC97C500083C49 /* ABMovie.m */ = {isa = PBXFileReference; fileEncoding = 4; lastKnownFileType = sourcecode.c.objc; path = ABMovie.m; sourceTree = "<group>"; };
		4D7EE48A19FF1B3D00083C49 /* ABMovieDetailViewController.h */ = {isa = PBXFileReference; fileEncoding = 4; lastKnownFileType = sourcecode.c.h; path = ABMovieDetailViewController.h; sourceTree = "<group>"; };
		4D7EE48B19FF1B3D00083C49 /* ABMovieDetailViewController.m */ = {isa = PBXFileReference; fileEncoding = 4; lastKnownFileType = sourcecode.c.objc; path = ABMovieDetailViewController.m; sourceTree = "<group>"; };
		4D7EE48F1A0091A900083C49 /* ABReviewCell.h */ = {isa = PBXFileReference; fileEncoding = 4; lastKnownFileType = sourcecode.c.h; path = ABReviewCell.h; sourceTree = "<group>"; };
		4D7EE4901A0091A900083C49 /* ABReviewCell.m */ = {isa = PBXFileReference; fileEncoding = 4; lastKnownFileType = sourcecode.c.objc; path = ABReviewCell.m; sourceTree = "<group>"; };
		4D7EE4911A0091A900083C49 /* ABReviewCell.xib */ = {isa = PBXFileReference; fileEncoding = 4; lastKnownFileType = file.xib; path = ABReviewCell.xib; sourceTree = "<group>"; };
		D1D5D6BAD7F8525F0A9168F9 /* libPods.a */ = {isa = PBXFileReference; explicitFileType = archive.ar; includeInIndex = 0; path = libPods.a; sourceTree = BUILT_PRODUCTS_DIR; };
/* End PBXFileReference section */

/* Begin PBXFrameworksBuildPhase section */
		4D1E3D9F19FC2C1E000D376C /* Frameworks */ = {
			isa = PBXFrameworksBuildPhase;
			buildActionMask = 2147483647;
			files = (
				4D1E3DA819FC2C1E000D376C /* CoreGraphics.framework in Frameworks */,
				4D1E3DAA19FC2C1E000D376C /* UIKit.framework in Frameworks */,
				4D1E3DA619FC2C1E000D376C /* Foundation.framework in Frameworks */,
				678EF669F53C159FF24024DF /* libPods.a in Frameworks */,
			);
			runOnlyForDeploymentPostprocessing = 0;
		};
		4D1E3DC019FC2C1E000D376C /* Frameworks */ = {
			isa = PBXFrameworksBuildPhase;
			buildActionMask = 2147483647;
			files = (
				4D1E3DC519FC2C1E000D376C /* XCTest.framework in Frameworks */,
				4D1E3DC719FC2C1E000D376C /* UIKit.framework in Frameworks */,
				4D1E3DC619FC2C1E000D376C /* Foundation.framework in Frameworks */,
			);
			runOnlyForDeploymentPostprocessing = 0;
		};
/* End PBXFrameworksBuildPhase section */

/* Begin PBXGroup section */
		4D1E3D9919FC2C1E000D376C = {
			isa = PBXGroup;
			children = (
				4D78A6521A09C1D800F42A85 /* RESideMenu */,
				4D1E3DAB19FC2C1E000D376C /* MyTvBox */,
				4D1E3DCA19FC2C1E000D376C /* MyTvBoxTests */,
				4D1E3DA419FC2C1E000D376C /* Frameworks */,
				4D1E3DA319FC2C1E000D376C /* Products */,
				BDD4AF809B68E2B7B3D34DF4 /* Pods */,
			);
			sourceTree = "<group>";
		};
		4D1E3DA319FC2C1E000D376C /* Products */ = {
			isa = PBXGroup;
			children = (
				4D1E3DA219FC2C1E000D376C /* MyTvBox.app */,
				4D1E3DC319FC2C1E000D376C /* MyTvBoxTests.xctest */,
			);
			name = Products;
			sourceTree = "<group>";
		};
		4D1E3DA419FC2C1E000D376C /* Frameworks */ = {
			isa = PBXGroup;
			children = (
				4D1E3DA519FC2C1E000D376C /* Foundation.framework */,
				4D1E3DA719FC2C1E000D376C /* CoreGraphics.framework */,
				4D1E3DA919FC2C1E000D376C /* UIKit.framework */,
				4D1E3DC419FC2C1E000D376C /* XCTest.framework */,
				D1D5D6BAD7F8525F0A9168F9 /* libPods.a */,
			);
			name = Frameworks;
			sourceTree = "<group>";
		};
		4D1E3DAB19FC2C1E000D376C /* MyTvBox */ = {
			isa = PBXGroup;
			children = (
				4D7EE47C19FC324900083C49 /* TvShows */,
				4D7EE47B19FC323C00083C49 /* DVDs */,
				4D7EE47A19FC323200083C49 /* Movies */,
				4D1E3DB419FC2C1E000D376C /* ABAppDelegate.h */,
				4D1E3DB519FC2C1E000D376C /* ABAppDelegate.m */,
				4D78A65F1A09C21D00F42A85 /* ABLeftMenuViewController.h */,
				4D78A6601A09C21D00F42A85 /* ABLeftMenuViewController.m */,
				4D78A65C1A09C21000F42A85 /* ABRootViewController.h */,
				4D78A65D1A09C21000F42A85 /* ABRootViewController.m */,
				4D78A6621A09C22F00F42A85 /* ABFirstViewController.h */,
				4D78A6631A09C22F00F42A85 /* ABFirstViewController.m */,
				4D1E3DB719FC2C1E000D376C /* Main.storyboard */,
				4D1E3DBA19FC2C1E000D376C /* ABViewController.h */,
				4D1E3DBB19FC2C1E000D376C /* ABViewController.m */,
				4D1E3DBD19FC2C1E000D376C /* Images.xcassets */,
				4D1E3DAC19FC2C1E000D376C /* Supporting Files */,
			);
			path = MyTvBox;
			sourceTree = "<group>";
		};
		4D1E3DAC19FC2C1E000D376C /* Supporting Files */ = {
			isa = PBXGroup;
			children = (
				4D1E3DAD19FC2C1E000D376C /* MyTvBox-Info.plist */,
				4D1E3DAE19FC2C1E000D376C /* InfoPlist.strings */,
				4D1E3DB119FC2C1E000D376C /* main.m */,
				4D1E3DB319FC2C1E000D376C /* MyTvBox-Prefix.pch */,
			);
			name = "Supporting Files";
			sourceTree = "<group>";
		};
		4D1E3DCA19FC2C1E000D376C /* MyTvBoxTests */ = {
			isa = PBXGroup;
			children = (
				4D1E3DD019FC2C1E000D376C /* MyTvBoxTests.m */,
				4D1E3DCB19FC2C1E000D376C /* Supporting Files */,
			);
			path = MyTvBoxTests;
			sourceTree = "<group>";
		};
		4D1E3DCB19FC2C1E000D376C /* Supporting Files */ = {
			isa = PBXGroup;
			children = (
				4D1E3DCC19FC2C1E000D376C /* MyTvBoxTests-Info.plist */,
				4D1E3DCD19FC2C1E000D376C /* InfoPlist.strings */,
			);
			name = "Supporting Files";
			sourceTree = "<group>";
		};
		4D78A6521A09C1D800F42A85 /* RESideMenu */ = {
			isa = PBXGroup;
			children = (
				4D78A6531A09C1D800F42A85 /* RECommonFunctions.h */,
				4D78A6541A09C1D800F42A85 /* RECommonFunctions.m */,
				4D78A6551A09C1D800F42A85 /* RESideMenu.h */,
				4D78A6561A09C1D800F42A85 /* RESideMenu.m */,
				4D78A6571A09C1D800F42A85 /* UIViewController+RESideMenu.h */,
				4D78A6581A09C1D800F42A85 /* UIViewController+RESideMenu.m */,
			);
			path = RESideMenu;
			sourceTree = "<group>";
		};
		4D7EE47A19FC323200083C49 /* Movies */ = {
			isa = PBXGroup;
			children = (
				4D7EE47D19FC326700083C49 /* ABMovieViewController.h */,
				4D7EE47E19FC326700083C49 /* ABMovieViewController.m */,
				4D7EE48019FC5AB300083C49 /* ABMovieCell.h */,
				4D7EE48119FC5AB300083C49 /* ABMovieCell.m */,
				4D7EE48219FC5AB300083C49 /* ABMovieCell.xib */,
				4D7EE48719FC97C500083C49 /* ABMovie.h */,
				4D7EE48819FC97C500083C49 /* ABMovie.m */,
				4D7EE48A19FF1B3D00083C49 /* ABMovieDetailViewController.h */,
				4D7EE48B19FF1B3D00083C49 /* ABMovieDetailViewController.m */,
				4D7EE48F1A0091A900083C49 /* ABReviewCell.h */,
				4D7EE4901A0091A900083C49 /* ABReviewCell.m */,
				4D7EE4911A0091A900083C49 /* ABReviewCell.xib */,
			);
			name = Movies;
			sourceTree = "<group>";
		};
		4D7EE47B19FC323C00083C49 /* DVDs */ = {
			isa = PBXGroup;
			children = (
			);
			name = DVDs;
			sourceTree = "<group>";
		};
		4D7EE47C19FC324900083C49 /* TvShows */ = {
			isa = PBXGroup;
			children = (
			);
			name = TvShows;
			sourceTree = "<group>";
		};
		BDD4AF809B68E2B7B3D34DF4 /* Pods */ = {
			isa = PBXGroup;
			children = (
				451E884B96D2579E4BC1A927 /* Pods.debug.xcconfig */,
				131F86079DE250D91BEF6308 /* Pods.release.xcconfig */,
			);
			name = Pods;
			sourceTree = "<group>";
		};
/* End PBXGroup section */

/* Begin PBXNativeTarget section */
		4D1E3DA119FC2C1E000D376C /* MyTvBox */ = {
			isa = PBXNativeTarget;
			buildConfigurationList = 4D1E3DD419FC2C1E000D376C /* Build configuration list for PBXNativeTarget "MyTvBox" */;
			buildPhases = (
				86F049E3809455906A166F77 /* Check Pods Manifest.lock */,
				4D1E3D9E19FC2C1E000D376C /* Sources */,
				4D1E3D9F19FC2C1E000D376C /* Frameworks */,
				4D1E3DA019FC2C1E000D376C /* Resources */,
				047BA0E87DEC7D6D7427B86C /* Copy Pods Resources */,
			);
			buildRules = (
			);
			dependencies = (
			);
			name = MyTvBox;
			productName = MyTvBox;
			productReference = 4D1E3DA219FC2C1E000D376C /* MyTvBox.app */;
			productType = "com.apple.product-type.application";
		};
		4D1E3DC219FC2C1E000D376C /* MyTvBoxTests */ = {
			isa = PBXNativeTarget;
			buildConfigurationList = 4D1E3DD719FC2C1E000D376C /* Build configuration list for PBXNativeTarget "MyTvBoxTests" */;
			buildPhases = (
				4D1E3DBF19FC2C1E000D376C /* Sources */,
				4D1E3DC019FC2C1E000D376C /* Frameworks */,
				4D1E3DC119FC2C1E000D376C /* Resources */,
			);
			buildRules = (
			);
			dependencies = (
				4D1E3DC919FC2C1E000D376C /* PBXTargetDependency */,
			);
			name = MyTvBoxTests;
			productName = MyTvBoxTests;
			productReference = 4D1E3DC319FC2C1E000D376C /* MyTvBoxTests.xctest */;
			productType = "com.apple.product-type.bundle.unit-test";
		};
/* End PBXNativeTarget section */

/* Begin PBXProject section */
		4D1E3D9A19FC2C1E000D376C /* Project object */ = {
			isa = PBXProject;
			attributes = {
				CLASSPREFIX = AB;
				LastUpgradeCheck = 0510;
				ORGANIZATIONNAME = "Ariunjargal Batjargal";
				TargetAttributes = {
					4D1E3DC219FC2C1E000D376C = {
						TestTargetID = 4D1E3DA119FC2C1E000D376C;
					};
				};
			};
			buildConfigurationList = 4D1E3D9D19FC2C1E000D376C /* Build configuration list for PBXProject "MyTvBox" */;
			compatibilityVersion = "Xcode 3.2";
			developmentRegion = English;
			hasScannedForEncodings = 0;
			knownRegions = (
				en,
				Base,
			);
			mainGroup = 4D1E3D9919FC2C1E000D376C;
			productRefGroup = 4D1E3DA319FC2C1E000D376C /* Products */;
			projectDirPath = "";
			projectRoot = "";
			targets = (
				4D1E3DA119FC2C1E000D376C /* MyTvBox */,
				4D1E3DC219FC2C1E000D376C /* MyTvBoxTests */,
			);
		};
/* End PBXProject section */

/* Begin PBXResourcesBuildPhase section */
		4D1E3DA019FC2C1E000D376C /* Resources */ = {
			isa = PBXResourcesBuildPhase;
			buildActionMask = 2147483647;
			files = (
				4D7EE4931A0091A900083C49 /* ABReviewCell.xib in Resources */,
				4D1E3DBE19FC2C1E000D376C /* Images.xcassets in Resources */,
				4D1E3DB019FC2C1E000D376C /* InfoPlist.strings in Resources */,
				4D1E3DB919FC2C1E000D376C /* Main.storyboard in Resources */,
				4D7EE48419FC5AB300083C49 /* ABMovieCell.xib in Resources */,
			);
			runOnlyForDeploymentPostprocessing = 0;
		};
		4D1E3DC119FC2C1E000D376C /* Resources */ = {
			isa = PBXResourcesBuildPhase;
			buildActionMask = 2147483647;
			files = (
				4D1E3DCF19FC2C1E000D376C /* InfoPlist.strings in Resources */,
			);
			runOnlyForDeploymentPostprocessing = 0;
		};
/* End PBXResourcesBuildPhase section */

/* Begin PBXShellScriptBuildPhase section */
		047BA0E87DEC7D6D7427B86C /* Copy Pods Resources */ = {
			isa = PBXShellScriptBuildPhase;
			buildActionMask = 2147483647;
			files = (
			);
			inputPaths = (
			);
			name = "Copy Pods Resources";
			outputPaths = (
			);
			runOnlyForDeploymentPostprocessing = 0;
			shellPath = /bin/sh;
			shellScript = "\"${SRCROOT}/Pods/Target Support Files/Pods/Pods-resources.sh\"\n";
			showEnvVarsInLog = 0;
		};
		86F049E3809455906A166F77 /* Check Pods Manifest.lock */ = {
			isa = PBXShellScriptBuildPhase;
			buildActionMask = 2147483647;
			files = (
			);
			inputPaths = (
			);
			name = "Check Pods Manifest.lock";
			outputPaths = (
			);
			runOnlyForDeploymentPostprocessing = 0;
			shellPath = /bin/sh;
			shellScript = "diff \"${PODS_ROOT}/../Podfile.lock\" \"${PODS_ROOT}/Manifest.lock\" > /dev/null\nif [[ $? != 0 ]] ; then\n    cat << EOM\nerror: The sandbox is not in sync with the Podfile.lock. Run 'pod install' or update your CocoaPods installation.\nEOM\n    exit 1\nfi\n";
			showEnvVarsInLog = 0;
		};
/* End PBXShellScriptBuildPhase section */

/* Begin PBXSourcesBuildPhase section */
		4D1E3D9E19FC2C1E000D376C /* Sources */ = {
			isa = PBXSourcesBuildPhase;
			buildActionMask = 2147483647;
			files = (
				4D7EE47F19FC326700083C49 /* ABMovieViewController.m in Sources */,
				4D78A6591A09C1D800F42A85 /* RECommonFunctions.m in Sources */,
				4D7EE48919FC97C600083C49 /* ABMovie.m in Sources */,
				4D7EE48C19FF1B3D00083C49 /* ABMovieDetailViewController.m in Sources */,
				4D1E3DB219FC2C1E000D376C /* main.m in Sources */,
				4D7EE48319FC5AB300083C49 /* ABMovieCell.m in Sources */,
				4D78A6611A09C21D00F42A85 /* ABLeftMenuViewController.m in Sources */,
				4D1E3DBC19FC2C1E000D376C /* ABViewController.m in Sources */,
				4D78A65E1A09C21000F42A85 /* ABRootViewController.m in Sources */,
				4D7EE4921A0091A900083C49 /* ABReviewCell.m in Sources */,
				4D78A65A1A09C1D800F42A85 /* RESideMenu.m in Sources */,
				4D1E3DB619FC2C1E000D376C /* ABAppDelegate.m in Sources */,
				4D78A6641A09C22F00F42A85 /* ABFirstViewController.m in Sources */,
				4D78A65B1A09C1D800F42A85 /* UIViewController+RESideMenu.m in Sources */,
			);
			runOnlyForDeploymentPostprocessing = 0;
		};
		4D1E3DBF19FC2C1E000D376C /* Sources */ = {
			isa = PBXSourcesBuildPhase;
			buildActionMask = 2147483647;
			files = (
				4D1E3DD119FC2C1E000D376C /* MyTvBoxTests.m in Sources */,
			);
			runOnlyForDeploymentPostprocessing = 0;
		};
/* End PBXSourcesBuildPhase section */

/* Begin PBXTargetDependency section */
		4D1E3DC919FC2C1E000D376C /* PBXTargetDependency */ = {
			isa = PBXTargetDependency;
			target = 4D1E3DA119FC2C1E000D376C /* MyTvBox */;
			targetProxy = 4D1E3DC819FC2C1E000D376C /* PBXContainerItemProxy */;
		};
/* End PBXTargetDependency section */

/* Begin PBXVariantGroup section */
		4D1E3DAE19FC2C1E000D376C /* InfoPlist.strings */ = {
			isa = PBXVariantGroup;
			children = (
				4D1E3DAF19FC2C1E000D376C /* en */,
			);
			name = InfoPlist.strings;
			sourceTree = "<group>";
		};
		4D1E3DB719FC2C1E000D376C /* Main.storyboard */ = {
			isa = PBXVariantGroup;
			children = (
				4D1E3DB819FC2C1E000D376C /* Base */,
			);
			name = Main.storyboard;
			sourceTree = "<group>";
		};
		4D1E3DCD19FC2C1E000D376C /* InfoPlist.strings */ = {
			isa = PBXVariantGroup;
			children = (
				4D1E3DCE19FC2C1E000D376C /* en */,
			);
			name = InfoPlist.strings;
			sourceTree = "<group>";
		};
/* End PBXVariantGroup section */

/* Begin XCBuildConfiguration section */
		4D1E3DD219FC2C1E000D376C /* Debug */ = {
			isa = XCBuildConfiguration;
			buildSettings = {
				ALWAYS_SEARCH_USER_PATHS = NO;
				CLANG_CXX_LANGUAGE_STANDARD = "gnu++0x";
				CLANG_CXX_LIBRARY = "libc++";
				CLANG_ENABLE_MODULES = YES;
				CLANG_ENABLE_OBJC_ARC = YES;
				CLANG_WARN_BOOL_CONVERSION = YES;
				CLANG_WARN_CONSTANT_CONVERSION = YES;
				CLANG_WARN_DIRECT_OBJC_ISA_USAGE = YES_ERROR;
				CLANG_WARN_EMPTY_BODY = YES;
				CLANG_WARN_ENUM_CONVERSION = YES;
				CLANG_WARN_INT_CONVERSION = YES;
				CLANG_WARN_OBJC_ROOT_CLASS = YES_ERROR;
				CLANG_WARN__DUPLICATE_METHOD_MATCH = YES;
				"CODE_SIGN_IDENTITY[sdk=iphoneos*]" = "iPhone Developer";
				COPY_PHASE_STRIP = NO;
				GCC_C_LANGUAGE_STANDARD = gnu99;
				GCC_DYNAMIC_NO_PIC = NO;
				GCC_OPTIMIZATION_LEVEL = 0;
				GCC_PREPROCESSOR_DEFINITIONS = (
					"DEBUG=1",
					"$(inherited)",
				);
				GCC_SYMBOLS_PRIVATE_EXTERN = NO;
				GCC_WARN_64_TO_32_BIT_CONVERSION = YES;
				GCC_WARN_ABOUT_RETURN_TYPE = YES_ERROR;
				GCC_WARN_UNDECLARED_SELECTOR = YES;
				GCC_WARN_UNINITIALIZED_AUTOS = YES_AGGRESSIVE;
				GCC_WARN_UNUSED_FUNCTION = YES;
				GCC_WARN_UNUSED_VARIABLE = YES;
				IPHONEOS_DEPLOYMENT_TARGET = 7.1;
				ONLY_ACTIVE_ARCH = YES;
				SDKROOT = iphoneos;
			};
			name = Debug;
		};
		4D1E3DD319FC2C1E000D376C /* Release */ = {
			isa = XCBuildConfiguration;
			buildSettings = {
				ALWAYS_SEARCH_USER_PATHS = NO;
				CLANG_CXX_LANGUAGE_STANDARD = "gnu++0x";
				CLANG_CXX_LIBRARY = "libc++";
				CLANG_ENABLE_MODULES = YES;
				CLANG_ENABLE_OBJC_ARC = YES;
				CLANG_WARN_BOOL_CONVERSION = YES;
				CLANG_WARN_CONSTANT_CONVERSION = YES;
				CLANG_WARN_DIRECT_OBJC_ISA_USAGE = YES_ERROR;
				CLANG_WARN_EMPTY_BODY = YES;
				CLANG_WARN_ENUM_CONVERSION = YES;
				CLANG_WARN_INT_CONVERSION = YES;
				CLANG_WARN_OBJC_ROOT_CLASS = YES_ERROR;
				CLANG_WARN__DUPLICATE_METHOD_MATCH = YES;
				"CODE_SIGN_IDENTITY[sdk=iphoneos*]" = "iPhone Developer";
				COPY_PHASE_STRIP = YES;
				ENABLE_NS_ASSERTIONS = NO;
				GCC_C_LANGUAGE_STANDARD = gnu99;
				GCC_WARN_64_TO_32_BIT_CONVERSION = YES;
				GCC_WARN_ABOUT_RETURN_TYPE = YES_ERROR;
				GCC_WARN_UNDECLARED_SELECTOR = YES;
				GCC_WARN_UNINITIALIZED_AUTOS = YES_AGGRESSIVE;
				GCC_WARN_UNUSED_FUNCTION = YES;
				GCC_WARN_UNUSED_VARIABLE = YES;
				IPHONEOS_DEPLOYMENT_TARGET = 7.1;
				SDKROOT = iphoneos;
				VALIDATE_PRODUCT = YES;
			};
			name = Release;
		};
		4D1E3DD519FC2C1E000D376C /* Debug */ = {
			isa = XCBuildConfiguration;
			baseConfigurationReference = 451E884B96D2579E4BC1A927 /* Pods.debug.xcconfig */;
			buildSettings = {
				ASSETCATALOG_COMPILER_APPICON_NAME = AppIcon;
				ASSETCATALOG_COMPILER_LAUNCHIMAGE_NAME = LaunchImage;
				GCC_PRECOMPILE_PREFIX_HEADER = YES;
				GCC_PREFIX_HEADER = "MyTvBox/MyTvBox-Prefix.pch";
				INFOPLIST_FILE = "MyTvBox/MyTvBox-Info.plist";
				PRODUCT_NAME = "$(TARGET_NAME)";
				WRAPPER_EXTENSION = app;
			};
			name = Debug;
		};
		4D1E3DD619FC2C1E000D376C /* Release */ = {
			isa = XCBuildConfiguration;
			baseConfigurationReference = 131F86079DE250D91BEF6308 /* Pods.release.xcconfig */;
			buildSettings = {
				ASSETCATALOG_COMPILER_APPICON_NAME = AppIcon;
				ASSETCATALOG_COMPILER_LAUNCHIMAGE_NAME = LaunchImage;
				GCC_PRECOMPILE_PREFIX_HEADER = YES;
				GCC_PREFIX_HEADER = "MyTvBox/MyTvBox-Prefix.pch";
				INFOPLIST_FILE = "MyTvBox/MyTvBox-Info.plist";
				PRODUCT_NAME = "$(TARGET_NAME)";
				WRAPPER_EXTENSION = app;
			};
			name = Release;
		};
		4D1E3DD819FC2C1E000D376C /* Debug */ = {
			isa = XCBuildConfiguration;
			buildSettings = {
				BUNDLE_LOADER = "$(BUILT_PRODUCTS_DIR)/MyTvBox.app/MyTvBox";
				FRAMEWORK_SEARCH_PATHS = (
					"$(SDKROOT)/Developer/Library/Frameworks",
					"$(inherited)",
					"$(DEVELOPER_FRAMEWORKS_DIR)",
				);
				GCC_PRECOMPILE_PREFIX_HEADER = YES;
				GCC_PREFIX_HEADER = "MyTvBox/MyTvBox-Prefix.pch";
				GCC_PREPROCESSOR_DEFINITIONS = (
					"DEBUG=1",
					"$(inherited)",
				);
				INFOPLIST_FILE = "MyTvBoxTests/MyTvBoxTests-Info.plist";
				PRODUCT_NAME = "$(TARGET_NAME)";
				TEST_HOST = "$(BUNDLE_LOADER)";
				WRAPPER_EXTENSION = xctest;
			};
			name = Debug;
		};
		4D1E3DD919FC2C1E000D376C /* Release */ = {
			isa = XCBuildConfiguration;
			buildSettings = {
				BUNDLE_LOADER = "$(BUILT_PRODUCTS_DIR)/MyTvBox.app/MyTvBox";
				FRAMEWORK_SEARCH_PATHS = (
					"$(SDKROOT)/Developer/Library/Frameworks",
					"$(inherited)",
					"$(DEVELOPER_FRAMEWORKS_DIR)",
				);
				GCC_PRECOMPILE_PREFIX_HEADER = YES;
				GCC_PREFIX_HEADER = "MyTvBox/MyTvBox-Prefix.pch";
				INFOPLIST_FILE = "MyTvBoxTests/MyTvBoxTests-Info.plist";
				PRODUCT_NAME = "$(TARGET_NAME)";
				TEST_HOST = "$(BUNDLE_LOADER)";
				WRAPPER_EXTENSION = xctest;
			};
			name = Release;
		};
/* End XCBuildConfiguration section */

/* Begin XCConfigurationList section */
		4D1E3D9D19FC2C1E000D376C /* Build configuration list for PBXProject "MyTvBox" */ = {
			isa = XCConfigurationList;
			buildConfigurations = (
				4D1E3DD219FC2C1E000D376C /* Debug */,
				4D1E3DD319FC2C1E000D376C /* Release */,
			);
			defaultConfigurationIsVisible = 0;
			defaultConfigurationName = Release;
		};
		4D1E3DD419FC2C1E000D376C /* Build configuration list for PBXNativeTarget "MyTvBox" */ = {
			isa = XCConfigurationList;
			buildConfigurations = (
				4D1E3DD519FC2C1E000D376C /* Debug */,
				4D1E3DD619FC2C1E000D376C /* Release */,
			);
			defaultConfigurationIsVisible = 0;
			defaultConfigurationName = Release;
		};
		4D1E3DD719FC2C1E000D376C /* Build configuration list for PBXNativeTarget "MyTvBoxTests" */ = {
			isa = XCConfigurationList;
			buildConfigurations = (
				4D1E3DD819FC2C1E000D376C /* Debug */,
				4D1E3DD919FC2C1E000D376C /* Release */,
			);
			defaultConfigurationIsVisible = 0;
			defaultConfigurationName = Release;
		};
/* End XCConfigurationList section */
	};
	rootObject = 4D1E3D9A19FC2C1E000D376C /* Project object */;
}
