<?xml version="1.0" encoding="UTF-8"?>
<!DOCTYPE plist PUBLIC "-//Apple//DTD PLIST 1.0//EN" "http://www.apple.com/DTDs/PropertyList-1.0.dtd">
<plist version="1.0">
<dict>
	<key>archiveVersion</key>
	<string>1</string>
	<key>classes</key>
	<dict/>
	<key>objectVersion</key>
	<string>46</string>
	<key>objects</key>
	<dict>
		<key>047BA0E87DEC7D6D7427B86C</key>
		<dict>
			<key>buildActionMask</key>
			<string>2147483647</string>
			<key>files</key>
			<array/>
			<key>inputPaths</key>
			<array/>
			<key>isa</key>
			<string>PBXShellScriptBuildPhase</string>
			<key>name</key>
			<string>Copy Pods Resources</string>
			<key>outputPaths</key>
			<array/>
			<key>runOnlyForDeploymentPostprocessing</key>
			<string>0</string>
			<key>shellPath</key>
			<string>/bin/sh</string>
			<key>shellScript</key>
			<string>"${SRCROOT}/Pods/Target Support Files/Pods/Pods-resources.sh"
</string>
			<key>showEnvVarsInLog</key>
			<string>0</string>
		</dict>
		<key>131F86079DE250D91BEF6308</key>
		<dict>
			<key>includeInIndex</key>
			<string>1</string>
			<key>isa</key>
			<string>PBXFileReference</string>
			<key>lastKnownFileType</key>
			<string>text.xcconfig</string>
			<key>name</key>
			<string>Pods.release.xcconfig</string>
			<key>path</key>
			<string>Pods/Target Support Files/Pods/Pods.release.xcconfig</string>
			<key>sourceTree</key>
			<string>&lt;group&gt;</string>
		</dict>
		<key>451E884B96D2579E4BC1A927</key>
		<dict>
			<key>includeInIndex</key>
			<string>1</string>
			<key>isa</key>
			<string>PBXFileReference</string>
			<key>lastKnownFileType</key>
			<string>text.xcconfig</string>
			<key>name</key>
			<string>Pods.debug.xcconfig</string>
			<key>path</key>
			<string>Pods/Target Support Files/Pods/Pods.debug.xcconfig</string>
			<key>sourceTree</key>
			<string>&lt;group&gt;</string>
		</dict>
		<key>4D1E3D9919FC2C1E000D376C</key>
		<dict>
			<key>children</key>
			<array>
				<string>4D1E3DAB19FC2C1E000D376C</string>
				<string>4D1E3DCA19FC2C1E000D376C</string>
				<string>4D1E3DA419FC2C1E000D376C</string>
				<string>4D1E3DA319FC2C1E000D376C</string>
				<string>BDD4AF809B68E2B7B3D34DF4</string>
			</array>
			<key>isa</key>
			<string>PBXGroup</string>
			<key>sourceTree</key>
			<string>&lt;group&gt;</string>
		</dict>
		<key>4D1E3D9A19FC2C1E000D376C</key>
		<dict>
			<key>attributes</key>
			<dict>
				<key>CLASSPREFIX</key>
				<string>AB</string>
				<key>LastUpgradeCheck</key>
				<string>0510</string>
				<key>ORGANIZATIONNAME</key>
				<string>Ariunjargal Batjargal</string>
				<key>TargetAttributes</key>
				<dict>
					<key>4D1E3DC219FC2C1E000D376C</key>
					<dict>
						<key>TestTargetID</key>
						<string>4D1E3DA119FC2C1E000D376C</string>
					</dict>
				</dict>
			</dict>
			<key>buildConfigurationList</key>
			<string>4D1E3D9D19FC2C1E000D376C</string>
			<key>compatibilityVersion</key>
			<string>Xcode 3.2</string>
			<key>developmentRegion</key>
			<string>English</string>
			<key>hasScannedForEncodings</key>
			<string>0</string>
			<key>isa</key>
			<string>PBXProject</string>
			<key>knownRegions</key>
			<array>
				<string>en</string>
				<string>Base</string>
			</array>
			<key>mainGroup</key>
			<string>4D1E3D9919FC2C1E000D376C</string>
			<key>productRefGroup</key>
			<string>4D1E3DA319FC2C1E000D376C</string>
			<key>projectDirPath</key>
			<string></string>
			<key>projectReferences</key>
			<array/>
			<key>projectRoot</key>
			<string></string>
			<key>targets</key>
			<array>
				<string>4D1E3DA119FC2C1E000D376C</string>
				<string>4D1E3DC219FC2C1E000D376C</string>
			</array>
		</dict>
		<key>4D1E3D9D19FC2C1E000D376C</key>
		<dict>
			<key>buildConfigurations</key>
			<array>
				<string>4D1E3DD219FC2C1E000D376C</string>
				<string>4D1E3DD319FC2C1E000D376C</string>
			</array>
			<key>defaultConfigurationIsVisible</key>
			<string>0</string>
			<key>defaultConfigurationName</key>
			<string>Release</string>
			<key>isa</key>
			<string>XCConfigurationList</string>
		</dict>
		<key>4D1E3D9E19FC2C1E000D376C</key>
		<dict>
			<key>buildActionMask</key>
			<string>2147483647</string>
			<key>files</key>
			<array>
				<string>4D1E3DB219FC2C1E000D376C</string>
				<string>4D1E3DBC19FC2C1E000D376C</string>
				<string>4D1E3DB619FC2C1E000D376C</string>
			</array>
			<key>isa</key>
			<string>PBXSourcesBuildPhase</string>
			<key>runOnlyForDeploymentPostprocessing</key>
			<string>0</string>
		</dict>
		<key>4D1E3D9F19FC2C1E000D376C</key>
		<dict>
			<key>buildActionMask</key>
			<string>2147483647</string>
			<key>files</key>
			<array>
				<string>4D1E3DA819FC2C1E000D376C</string>
				<string>4D1E3DAA19FC2C1E000D376C</string>
				<string>4D1E3DA619FC2C1E000D376C</string>
				<string>678EF669F53C159FF24024DF</string>
			</array>
			<key>isa</key>
			<string>PBXFrameworksBuildPhase</string>
			<key>runOnlyForDeploymentPostprocessing</key>
			<string>0</string>
		</dict>
		<key>4D1E3DA019FC2C1E000D376C</key>
		<dict>
			<key>buildActionMask</key>
			<string>2147483647</string>
			<key>files</key>
			<array>
				<string>4D1E3DBE19FC2C1E000D376C</string>
				<string>4D1E3DB019FC2C1E000D376C</string>
				<string>4D1E3DB919FC2C1E000D376C</string>
			</array>
			<key>isa</key>
			<string>PBXResourcesBuildPhase</string>
			<key>runOnlyForDeploymentPostprocessing</key>
			<string>0</string>
		</dict>
		<key>4D1E3DA119FC2C1E000D376C</key>
		<dict>
			<key>buildConfigurationList</key>
			<string>4D1E3DD419FC2C1E000D376C</string>
			<key>buildPhases</key>
			<array>
				<string>86F049E3809455906A166F77</string>
				<string>4D1E3D9E19FC2C1E000D376C</string>
				<string>4D1E3D9F19FC2C1E000D376C</string>
				<string>4D1E3DA019FC2C1E000D376C</string>
				<string>047BA0E87DEC7D6D7427B86C</string>
			</array>
			<key>buildRules</key>
			<array/>
			<key>dependencies</key>
			<array/>
			<key>isa</key>
			<string>PBXNativeTarget</string>
			<key>name</key>
			<string>MyTvBox</string>
			<key>productName</key>
			<string>MyTvBox</string>
			<key>productReference</key>
			<string>4D1E3DA219FC2C1E000D376C</string>
			<key>productType</key>
			<string>com.apple.product-type.application</string>
		</dict>
		<key>4D1E3DA219FC2C1E000D376C</key>
		<dict>
			<key>explicitFileType</key>
			<string>wrapper.application</string>
			<key>includeInIndex</key>
			<string>0</string>
			<key>isa</key>
			<string>PBXFileReference</string>
			<key>path</key>
			<string>MyTvBox.app</string>
			<key>sourceTree</key>
			<string>BUILT_PRODUCTS_DIR</string>
		</dict>
		<key>4D1E3DA319FC2C1E000D376C</key>
		<dict>
			<key>children</key>
			<array>
				<string>4D1E3DA219FC2C1E000D376C</string>
				<string>4D1E3DC319FC2C1E000D376C</string>
			</array>
			<key>isa</key>
			<string>PBXGroup</string>
			<key>name</key>
			<string>Products</string>
			<key>sourceTree</key>
			<string>&lt;group&gt;</string>
		</dict>
		<key>4D1E3DA419FC2C1E000D376C</key>
		<dict>
			<key>children</key>
			<array>
				<string>4D1E3DA519FC2C1E000D376C</string>
				<string>4D1E3DA719FC2C1E000D376C</string>
				<string>4D1E3DA919FC2C1E000D376C</string>
				<string>4D1E3DC419FC2C1E000D376C</string>
				<string>D1D5D6BAD7F8525F0A9168F9</string>
			</array>
			<key>isa</key>
			<string>PBXGroup</string>
			<key>name</key>
			<string>Frameworks</string>
			<key>sourceTree</key>
			<string>&lt;group&gt;</string>
		</dict>
		<key>4D1E3DA519FC2C1E000D376C</key>
		<dict>
			<key>isa</key>
			<string>PBXFileReference</string>
			<key>lastKnownFileType</key>
			<string>wrapper.framework</string>
			<key>name</key>
			<string>Foundation.framework</string>
			<key>path</key>
			<string>System/Library/Frameworks/Foundation.framework</string>
			<key>sourceTree</key>
			<string>SDKROOT</string>
		</dict>
		<key>4D1E3DA619FC2C1E000D376C</key>
		<dict>
			<key>fileRef</key>
			<string>4D1E3DA519FC2C1E000D376C</string>
			<key>isa</key>
			<string>PBXBuildFile</string>
		</dict>
		<key>4D1E3DA719FC2C1E000D376C</key>
		<dict>
			<key>isa</key>
			<string>PBXFileReference</string>
			<key>lastKnownFileType</key>
			<string>wrapper.framework</string>
			<key>name</key>
			<string>CoreGraphics.framework</string>
			<key>path</key>
			<string>System/Library/Frameworks/CoreGraphics.framework</string>
			<key>sourceTree</key>
			<string>SDKROOT</string>
		</dict>
		<key>4D1E3DA819FC2C1E000D376C</key>
		<dict>
			<key>fileRef</key>
			<string>4D1E3DA719FC2C1E000D376C</string>
			<key>isa</key>
			<string>PBXBuildFile</string>
		</dict>
		<key>4D1E3DA919FC2C1E000D376C</key>
		<dict>
			<key>isa</key>
			<string>PBXFileReference</string>
			<key>lastKnownFileType</key>
			<string>wrapper.framework</string>
			<key>name</key>
			<string>UIKit.framework</string>
			<key>path</key>
			<string>System/Library/Frameworks/UIKit.framework</string>
			<key>sourceTree</key>
			<string>SDKROOT</string>
		</dict>
		<key>4D1E3DAA19FC2C1E000D376C</key>
		<dict>
			<key>fileRef</key>
			<string>4D1E3DA919FC2C1E000D376C</string>
			<key>isa</key>
			<string>PBXBuildFile</string>
		</dict>
		<key>4D1E3DAB19FC2C1E000D376C</key>
		<dict>
			<key>children</key>
			<array>
				<string>4D1E3DB419FC2C1E000D376C</string>
				<string>4D1E3DB519FC2C1E000D376C</string>
				<string>4D1E3DB719FC2C1E000D376C</string>
				<string>4D1E3DBA19FC2C1E000D376C</string>
				<string>4D1E3DBB19FC2C1E000D376C</string>
				<string>4D1E3DBD19FC2C1E000D376C</string>
				<string>4D1E3DAC19FC2C1E000D376C</string>
			</array>
			<key>isa</key>
			<string>PBXGroup</string>
			<key>path</key>
			<string>MyTvBox</string>
			<key>sourceTree</key>
			<string>&lt;group&gt;</string>
		</dict>
		<key>4D1E3DAC19FC2C1E000D376C</key>
		<dict>
			<key>children</key>
			<array>
				<string>4D1E3DAD19FC2C1E000D376C</string>
				<string>4D1E3DAE19FC2C1E000D376C</string>
				<string>4D1E3DB119FC2C1E000D376C</string>
				<string>4D1E3DB319FC2C1E000D376C</string>
			</array>
			<key>isa</key>
			<string>PBXGroup</string>
			<key>name</key>
			<string>Supporting Files</string>
			<key>sourceTree</key>
			<string>&lt;group&gt;</string>
		</dict>
		<key>4D1E3DAD19FC2C1E000D376C</key>
		<dict>
			<key>isa</key>
			<string>PBXFileReference</string>
			<key>lastKnownFileType</key>
			<string>text.plist.xml</string>
			<key>path</key>
			<string>MyTvBox-Info.plist</string>
			<key>sourceTree</key>
			<string>&lt;group&gt;</string>
		</dict>
		<key>4D1E3DAE19FC2C1E000D376C</key>
		<dict>
			<key>children</key>
			<array>
				<string>4D1E3DAF19FC2C1E000D376C</string>
			</array>
			<key>isa</key>
			<string>PBXVariantGroup</string>
			<key>name</key>
			<string>InfoPlist.strings</string>
			<key>sourceTree</key>
			<string>&lt;group&gt;</string>
		</dict>
		<key>4D1E3DAF19FC2C1E000D376C</key>
		<dict>
			<key>isa</key>
			<string>PBXFileReference</string>
			<key>lastKnownFileType</key>
			<string>text.plist.strings</string>
			<key>name</key>
			<string>en</string>
			<key>path</key>
			<string>en.lproj/InfoPlist.strings</string>
			<key>sourceTree</key>
			<string>&lt;group&gt;</string>
		</dict>
		<key>4D1E3DB019FC2C1E000D376C</key>
		<dict>
			<key>fileRef</key>
			<string>4D1E3DAE19FC2C1E000D376C</string>
			<key>isa</key>
			<string>PBXBuildFile</string>
		</dict>
		<key>4D1E3DB119FC2C1E000D376C</key>
		<dict>
			<key>isa</key>
			<string>PBXFileReference</string>
			<key>lastKnownFileType</key>
			<string>sourcecode.c.objc</string>
			<key>path</key>
			<string>main.m</string>
			<key>sourceTree</key>
			<string>&lt;group&gt;</string>
		</dict>
		<key>4D1E3DB219FC2C1E000D376C</key>
		<dict>
			<key>fileRef</key>
			<string>4D1E3DB119FC2C1E000D376C</string>
			<key>isa</key>
			<string>PBXBuildFile</string>
		</dict>
		<key>4D1E3DB319FC2C1E000D376C</key>
		<dict>
			<key>isa</key>
			<string>PBXFileReference</string>
			<key>lastKnownFileType</key>
			<string>sourcecode.c.h</string>
			<key>path</key>
			<string>MyTvBox-Prefix.pch</string>
			<key>sourceTree</key>
			<string>&lt;group&gt;</string>
		</dict>
		<key>4D1E3DB419FC2C1E000D376C</key>
		<dict>
			<key>isa</key>
			<string>PBXFileReference</string>
			<key>lastKnownFileType</key>
			<string>sourcecode.c.h</string>
			<key>path</key>
			<string>ABAppDelegate.h</string>
			<key>sourceTree</key>
			<string>&lt;group&gt;</string>
		</dict>
		<key>4D1E3DB519FC2C1E000D376C</key>
		<dict>
			<key>isa</key>
			<string>PBXFileReference</string>
			<key>lastKnownFileType</key>
			<string>sourcecode.c.objc</string>
			<key>path</key>
			<string>ABAppDelegate.m</string>
			<key>sourceTree</key>
			<string>&lt;group&gt;</string>
		</dict>
		<key>4D1E3DB619FC2C1E000D376C</key>
		<dict>
			<key>fileRef</key>
			<string>4D1E3DB519FC2C1E000D376C</string>
			<key>isa</key>
			<string>PBXBuildFile</string>
		</dict>
		<key>4D1E3DB719FC2C1E000D376C</key>
		<dict>
			<key>children</key>
			<array>
				<string>4D1E3DB819FC2C1E000D376C</string>
			</array>
			<key>isa</key>
			<string>PBXVariantGroup</string>
			<key>name</key>
			<string>Main.storyboard</string>
			<key>sourceTree</key>
			<string>&lt;group&gt;</string>
		</dict>
		<key>4D1E3DB819FC2C1E000D376C</key>
		<dict>
			<key>isa</key>
			<string>PBXFileReference</string>
			<key>lastKnownFileType</key>
			<string>file.storyboard</string>
			<key>name</key>
			<string>Base</string>
			<key>path</key>
			<string>Base.lproj/Main.storyboard</string>
			<key>sourceTree</key>
			<string>&lt;group&gt;</string>
		</dict>
		<key>4D1E3DB919FC2C1E000D376C</key>
		<dict>
			<key>fileRef</key>
			<string>4D1E3DB719FC2C1E000D376C</string>
			<key>isa</key>
			<string>PBXBuildFile</string>
		</dict>
		<key>4D1E3DBA19FC2C1E000D376C</key>
		<dict>
			<key>isa</key>
			<string>PBXFileReference</string>
			<key>lastKnownFileType</key>
			<string>sourcecode.c.h</string>
			<key>path</key>
			<string>ABViewController.h</string>
			<key>sourceTree</key>
			<string>&lt;group&gt;</string>
		</dict>
		<key>4D1E3DBB19FC2C1E000D376C</key>
		<dict>
			<key>isa</key>
			<string>PBXFileReference</string>
			<key>lastKnownFileType</key>
			<string>sourcecode.c.objc</string>
			<key>path</key>
			<string>ABViewController.m</string>
			<key>sourceTree</key>
			<string>&lt;group&gt;</string>
		</dict>
		<key>4D1E3DBC19FC2C1E000D376C</key>
		<dict>
			<key>fileRef</key>
			<string>4D1E3DBB19FC2C1E000D376C</string>
			<key>isa</key>
			<string>PBXBuildFile</string>
		</dict>
		<key>4D1E3DBD19FC2C1E000D376C</key>
		<dict>
			<key>isa</key>
			<string>PBXFileReference</string>
			<key>lastKnownFileType</key>
			<string>folder.assetcatalog</string>
			<key>path</key>
			<string>Images.xcassets</string>
			<key>sourceTree</key>
			<string>&lt;group&gt;</string>
		</dict>
		<key>4D1E3DBE19FC2C1E000D376C</key>
		<dict>
			<key>fileRef</key>
			<string>4D1E3DBD19FC2C1E000D376C</string>
			<key>isa</key>
			<string>PBXBuildFile</string>
		</dict>
		<key>4D1E3DBF19FC2C1E000D376C</key>
		<dict>
			<key>buildActionMask</key>
			<string>2147483647</string>
			<key>files</key>
			<array>
				<string>4D1E3DD119FC2C1E000D376C</string>
			</array>
			<key>isa</key>
			<string>PBXSourcesBuildPhase</string>
			<key>runOnlyForDeploymentPostprocessing</key>
			<string>0</string>
		</dict>
		<key>4D1E3DC019FC2C1E000D376C</key>
		<dict>
			<key>buildActionMask</key>
			<string>2147483647</string>
			<key>files</key>
			<array>
				<string>4D1E3DC519FC2C1E000D376C</string>
				<string>4D1E3DC719FC2C1E000D376C</string>
				<string>4D1E3DC619FC2C1E000D376C</string>
			</array>
			<key>isa</key>
			<string>PBXFrameworksBuildPhase</string>
			<key>runOnlyForDeploymentPostprocessing</key>
			<string>0</string>
		</dict>
		<key>4D1E3DC119FC2C1E000D376C</key>
		<dict>
			<key>buildActionMask</key>
			<string>2147483647</string>
			<key>files</key>
			<array>
				<string>4D1E3DCF19FC2C1E000D376C</string>
			</array>
			<key>isa</key>
			<string>PBXResourcesBuildPhase</string>
			<key>runOnlyForDeploymentPostprocessing</key>
			<string>0</string>
		</dict>
		<key>4D1E3DC219FC2C1E000D376C</key>
		<dict>
			<key>buildConfigurationList</key>
			<string>4D1E3DD719FC2C1E000D376C</string>
			<key>buildPhases</key>
			<array>
				<string>4D1E3DBF19FC2C1E000D376C</string>
				<string>4D1E3DC019FC2C1E000D376C</string>
				<string>4D1E3DC119FC2C1E000D376C</string>
			</array>
			<key>buildRules</key>
			<array/>
			<key>dependencies</key>
			<array>
				<string>4D1E3DC919FC2C1E000D376C</string>
			</array>
			<key>isa</key>
			<string>PBXNativeTarget</string>
			<key>name</key>
			<string>MyTvBoxTests</string>
			<key>productName</key>
			<string>MyTvBoxTests</string>
			<key>productReference</key>
			<string>4D1E3DC319FC2C1E000D376C</string>
			<key>productType</key>
			<string>com.apple.product-type.bundle.unit-test</string>
		</dict>
		<key>4D1E3DC319FC2C1E000D376C</key>
		<dict>
			<key>explicitFileType</key>
			<string>wrapper.cfbundle</string>
			<key>includeInIndex</key>
			<string>0</string>
			<key>isa</key>
			<string>PBXFileReference</string>
			<key>path</key>
			<string>MyTvBoxTests.xctest</string>
			<key>sourceTree</key>
			<string>BUILT_PRODUCTS_DIR</string>
		</dict>
		<key>4D1E3DC419FC2C1E000D376C</key>
		<dict>
			<key>isa</key>
			<string>PBXFileReference</string>
			<key>lastKnownFileType</key>
			<string>wrapper.framework</string>
			<key>name</key>
			<string>XCTest.framework</string>
			<key>path</key>
			<string>Library/Frameworks/XCTest.framework</string>
			<key>sourceTree</key>
			<string>DEVELOPER_DIR</string>
		</dict>
		<key>4D1E3DC519FC2C1E000D376C</key>
		<dict>
			<key>fileRef</key>
			<string>4D1E3DC419FC2C1E000D376C</string>
			<key>isa</key>
			<string>PBXBuildFile</string>
		</dict>
		<key>4D1E3DC619FC2C1E000D376C</key>
		<dict>
			<key>fileRef</key>
			<string>4D1E3DA519FC2C1E000D376C</string>
			<key>isa</key>
			<string>PBXBuildFile</string>
		</dict>
		<key>4D1E3DC719FC2C1E000D376C</key>
		<dict>
			<key>fileRef</key>
			<string>4D1E3DA919FC2C1E000D376C</string>
			<key>isa</key>
			<string>PBXBuildFile</string>
		</dict>
		<key>4D1E3DC819FC2C1E000D376C</key>
		<dict>
			<key>containerPortal</key>
			<string>4D1E3D9A19FC2C1E000D376C</string>
			<key>isa</key>
			<string>PBXContainerItemProxy</string>
			<key>proxyType</key>
			<string>1</string>
			<key>remoteGlobalIDString</key>
			<string>4D1E3DA119FC2C1E000D376C</string>
			<key>remoteInfo</key>
			<string>MyTvBox</string>
		</dict>
		<key>4D1E3DC919FC2C1E000D376C</key>
		<dict>
			<key>isa</key>
			<string>PBXTargetDependency</string>
			<key>target</key>
			<string>4D1E3DA119FC2C1E000D376C</string>
			<key>targetProxy</key>
			<string>4D1E3DC819FC2C1E000D376C</string>
		</dict>
		<key>4D1E3DCA19FC2C1E000D376C</key>
		<dict>
			<key>children</key>
			<array>
				<string>4D1E3DD019FC2C1E000D376C</string>
				<string>4D1E3DCB19FC2C1E000D376C</string>
			</array>
			<key>isa</key>
			<string>PBXGroup</string>
			<key>path</key>
			<string>MyTvBoxTests</string>
			<key>sourceTree</key>
			<string>&lt;group&gt;</string>
		</dict>
		<key>4D1E3DCB19FC2C1E000D376C</key>
		<dict>
			<key>children</key>
			<array>
				<string>4D1E3DCC19FC2C1E000D376C</string>
				<string>4D1E3DCD19FC2C1E000D376C</string>
			</array>
			<key>isa</key>
			<string>PBXGroup</string>
			<key>name</key>
			<string>Supporting Files</string>
			<key>sourceTree</key>
			<string>&lt;group&gt;</string>
		</dict>
		<key>4D1E3DCC19FC2C1E000D376C</key>
		<dict>
			<key>isa</key>
			<string>PBXFileReference</string>
			<key>lastKnownFileType</key>
			<string>text.plist.xml</string>
			<key>path</key>
			<string>MyTvBoxTests-Info.plist</string>
			<key>sourceTree</key>
			<string>&lt;group&gt;</string>
		</dict>
		<key>4D1E3DCD19FC2C1E000D376C</key>
		<dict>
			<key>children</key>
			<array>
				<string>4D1E3DCE19FC2C1E000D376C</string>
			</array>
			<key>isa</key>
			<string>PBXVariantGroup</string>
			<key>name</key>
			<string>InfoPlist.strings</string>
			<key>sourceTree</key>
			<string>&lt;group&gt;</string>
		</dict>
		<key>4D1E3DCE19FC2C1E000D376C</key>
		<dict>
			<key>isa</key>
			<string>PBXFileReference</string>
			<key>lastKnownFileType</key>
			<string>text.plist.strings</string>
			<key>name</key>
			<string>en</string>
			<key>path</key>
			<string>en.lproj/InfoPlist.strings</string>
			<key>sourceTree</key>
			<string>&lt;group&gt;</string>
		</dict>
		<key>4D1E3DCF19FC2C1E000D376C</key>
		<dict>
			<key>fileRef</key>
			<string>4D1E3DCD19FC2C1E000D376C</string>
			<key>isa</key>
			<string>PBXBuildFile</string>
		</dict>
		<key>4D1E3DD019FC2C1E000D376C</key>
		<dict>
			<key>isa</key>
			<string>PBXFileReference</string>
			<key>lastKnownFileType</key>
			<string>sourcecode.c.objc</string>
			<key>path</key>
			<string>MyTvBoxTests.m</string>
			<key>sourceTree</key>
			<string>&lt;group&gt;</string>
		</dict>
		<key>4D1E3DD119FC2C1E000D376C</key>
		<dict>
			<key>fileRef</key>
			<string>4D1E3DD019FC2C1E000D376C</string>
			<key>isa</key>
			<string>PBXBuildFile</string>
		</dict>
		<key>4D1E3DD219FC2C1E000D376C</key>
		<dict>
			<key>buildSettings</key>
			<dict>
				<key>ALWAYS_SEARCH_USER_PATHS</key>
				<string>NO</string>
				<key>CLANG_CXX_LANGUAGE_STANDARD</key>
				<string>gnu++0x</string>
				<key>CLANG_CXX_LIBRARY</key>
				<string>libc++</string>
				<key>CLANG_ENABLE_MODULES</key>
				<string>YES</string>
				<key>CLANG_ENABLE_OBJC_ARC</key>
				<string>YES</string>
				<key>CLANG_WARN_BOOL_CONVERSION</key>
				<string>YES</string>
				<key>CLANG_WARN_CONSTANT_CONVERSION</key>
				<string>YES</string>
				<key>CLANG_WARN_DIRECT_OBJC_ISA_USAGE</key>
				<string>YES_ERROR</string>
				<key>CLANG_WARN_EMPTY_BODY</key>
				<string>YES</string>
				<key>CLANG_WARN_ENUM_CONVERSION</key>
				<string>YES</string>
				<key>CLANG_WARN_INT_CONVERSION</key>
				<string>YES</string>
				<key>CLANG_WARN_OBJC_ROOT_CLASS</key>
				<string>YES_ERROR</string>
				<key>CLANG_WARN__DUPLICATE_METHOD_MATCH</key>
				<string>YES</string>
				<key>CODE_SIGN_IDENTITY[sdk=iphoneos*]</key>
				<string>iPhone Developer</string>
				<key>COPY_PHASE_STRIP</key>
				<string>NO</string>
				<key>GCC_C_LANGUAGE_STANDARD</key>
				<string>gnu99</string>
				<key>GCC_DYNAMIC_NO_PIC</key>
				<string>NO</string>
				<key>GCC_OPTIMIZATION_LEVEL</key>
				<string>0</string>
				<key>GCC_PREPROCESSOR_DEFINITIONS</key>
				<array>
					<string>DEBUG=1</string>
					<string>$(inherited)</string>
				</array>
				<key>GCC_SYMBOLS_PRIVATE_EXTERN</key>
				<string>NO</string>
				<key>GCC_WARN_64_TO_32_BIT_CONVERSION</key>
				<string>YES</string>
				<key>GCC_WARN_ABOUT_RETURN_TYPE</key>
				<string>YES_ERROR</string>
				<key>GCC_WARN_UNDECLARED_SELECTOR</key>
				<string>YES</string>
				<key>GCC_WARN_UNINITIALIZED_AUTOS</key>
				<string>YES_AGGRESSIVE</string>
				<key>GCC_WARN_UNUSED_FUNCTION</key>
				<string>YES</string>
				<key>GCC_WARN_UNUSED_VARIABLE</key>
				<string>YES</string>
				<key>IPHONEOS_DEPLOYMENT_TARGET</key>
				<string>7.1</string>
				<key>ONLY_ACTIVE_ARCH</key>
				<string>YES</string>
				<key>SDKROOT</key>
				<string>iphoneos</string>
			</dict>
			<key>isa</key>
			<string>XCBuildConfiguration</string>
			<key>name</key>
			<string>Debug</string>
		</dict>
		<key>4D1E3DD319FC2C1E000D376C</key>
		<dict>
			<key>buildSettings</key>
			<dict>
				<key>ALWAYS_SEARCH_USER_PATHS</key>
				<string>NO</string>
				<key>CLANG_CXX_LANGUAGE_STANDARD</key>
				<string>gnu++0x</string>
				<key>CLANG_CXX_LIBRARY</key>
				<string>libc++</string>
				<key>CLANG_ENABLE_MODULES</key>
				<string>YES</string>
				<key>CLANG_ENABLE_OBJC_ARC</key>
				<string>YES</string>
				<key>CLANG_WARN_BOOL_CONVERSION</key>
				<string>YES</string>
				<key>CLANG_WARN_CONSTANT_CONVERSION</key>
				<string>YES</string>
				<key>CLANG_WARN_DIRECT_OBJC_ISA_USAGE</key>
				<string>YES_ERROR</string>
				<key>CLANG_WARN_EMPTY_BODY</key>
				<string>YES</string>
				<key>CLANG_WARN_ENUM_CONVERSION</key>
				<string>YES</string>
				<key>CLANG_WARN_INT_CONVERSION</key>
				<string>YES</string>
				<key>CLANG_WARN_OBJC_ROOT_CLASS</key>
				<string>YES_ERROR</string>
				<key>CLANG_WARN__DUPLICATE_METHOD_MATCH</key>
				<string>YES</string>
				<key>CODE_SIGN_IDENTITY[sdk=iphoneos*]</key>
				<string>iPhone Developer</string>
				<key>COPY_PHASE_STRIP</key>
				<string>YES</string>
				<key>ENABLE_NS_ASSERTIONS</key>
				<string>NO</string>
				<key>GCC_C_LANGUAGE_STANDARD</key>
				<string>gnu99</string>
				<key>GCC_WARN_64_TO_32_BIT_CONVERSION</key>
				<string>YES</string>
				<key>GCC_WARN_ABOUT_RETURN_TYPE</key>
				<string>YES_ERROR</string>
				<key>GCC_WARN_UNDECLARED_SELECTOR</key>
				<string>YES</string>
				<key>GCC_WARN_UNINITIALIZED_AUTOS</key>
				<string>YES_AGGRESSIVE</string>
				<key>GCC_WARN_UNUSED_FUNCTION</key>
				<string>YES</string>
				<key>GCC_WARN_UNUSED_VARIABLE</key>
				<string>YES</string>
				<key>IPHONEOS_DEPLOYMENT_TARGET</key>
				<string>7.1</string>
				<key>SDKROOT</key>
				<string>iphoneos</string>
				<key>VALIDATE_PRODUCT</key>
				<string>YES</string>
			</dict>
			<key>isa</key>
			<string>XCBuildConfiguration</string>
			<key>name</key>
			<string>Release</string>
		</dict>
		<key>4D1E3DD419FC2C1E000D376C</key>
		<dict>
			<key>buildConfigurations</key>
			<array>
				<string>4D1E3DD519FC2C1E000D376C</string>
				<string>4D1E3DD619FC2C1E000D376C</string>
			</array>
			<key>defaultConfigurationIsVisible</key>
			<string>0</string>
			<key>isa</key>
			<string>XCConfigurationList</string>
		</dict>
		<key>4D1E3DD519FC2C1E000D376C</key>
		<dict>
			<key>baseConfigurationReference</key>
			<string>451E884B96D2579E4BC1A927</string>
			<key>buildSettings</key>
			<dict>
				<key>ASSETCATALOG_COMPILER_APPICON_NAME</key>
				<string>AppIcon</string>
				<key>ASSETCATALOG_COMPILER_LAUNCHIMAGE_NAME</key>
				<string>LaunchImage</string>
				<key>GCC_PRECOMPILE_PREFIX_HEADER</key>
				<string>YES</string>
				<key>GCC_PREFIX_HEADER</key>
				<string>MyTvBox/MyTvBox-Prefix.pch</string>
				<key>INFOPLIST_FILE</key>
				<string>MyTvBox/MyTvBox-Info.plist</string>
				<key>PRODUCT_NAME</key>
				<string>$(TARGET_NAME)</string>
				<key>WRAPPER_EXTENSION</key>
				<string>app</string>
			</dict>
			<key>isa</key>
			<string>XCBuildConfiguration</string>
			<key>name</key>
			<string>Debug</string>
		</dict>
		<key>4D1E3DD619FC2C1E000D376C</key>
		<dict>
			<key>baseConfigurationReference</key>
			<string>131F86079DE250D91BEF6308</string>
			<key>buildSettings</key>
			<dict>
				<key>ASSETCATALOG_COMPILER_APPICON_NAME</key>
				<string>AppIcon</string>
				<key>ASSETCATALOG_COMPILER_LAUNCHIMAGE_NAME</key>
				<string>LaunchImage</string>
				<key>GCC_PRECOMPILE_PREFIX_HEADER</key>
				<string>YES</string>
				<key>GCC_PREFIX_HEADER</key>
				<string>MyTvBox/MyTvBox-Prefix.pch</string>
				<key>INFOPLIST_FILE</key>
				<string>MyTvBox/MyTvBox-Info.plist</string>
				<key>PRODUCT_NAME</key>
				<string>$(TARGET_NAME)</string>
				<key>WRAPPER_EXTENSION</key>
				<string>app</string>
			</dict>
			<key>isa</key>
			<string>XCBuildConfiguration</string>
			<key>name</key>
			<string>Release</string>
		</dict>
		<key>4D1E3DD719FC2C1E000D376C</key>
		<dict>
			<key>buildConfigurations</key>
			<array>
				<string>4D1E3DD819FC2C1E000D376C</string>
				<string>4D1E3DD919FC2C1E000D376C</string>
			</array>
			<key>defaultConfigurationIsVisible</key>
			<string>0</string>
			<key>isa</key>
			<string>XCConfigurationList</string>
		</dict>
		<key>4D1E3DD819FC2C1E000D376C</key>
		<dict>
			<key>buildSettings</key>
			<dict>
				<key>BUNDLE_LOADER</key>
				<string>$(BUILT_PRODUCTS_DIR)/MyTvBox.app/MyTvBox</string>
				<key>FRAMEWORK_SEARCH_PATHS</key>
				<array>
					<string>$(SDKROOT)/Developer/Library/Frameworks</string>
					<string>$(inherited)</string>
					<string>$(DEVELOPER_FRAMEWORKS_DIR)</string>
				</array>
				<key>GCC_PRECOMPILE_PREFIX_HEADER</key>
				<string>YES</string>
				<key>GCC_PREFIX_HEADER</key>
				<string>MyTvBox/MyTvBox-Prefix.pch</string>
				<key>GCC_PREPROCESSOR_DEFINITIONS</key>
				<array>
					<string>DEBUG=1</string>
					<string>$(inherited)</string>
				</array>
				<key>INFOPLIST_FILE</key>
				<string>MyTvBoxTests/MyTvBoxTests-Info.plist</string>
				<key>PRODUCT_NAME</key>
				<string>$(TARGET_NAME)</string>
				<key>TEST_HOST</key>
				<string>$(BUNDLE_LOADER)</string>
				<key>WRAPPER_EXTENSION</key>
				<string>xctest</string>
			</dict>
			<key>isa</key>
			<string>XCBuildConfiguration</string>
			<key>name</key>
			<string>Debug</string>
		</dict>
		<key>4D1E3DD919FC2C1E000D376C</key>
		<dict>
			<key>buildSettings</key>
			<dict>
				<key>BUNDLE_LOADER</key>
				<string>$(BUILT_PRODUCTS_DIR)/MyTvBox.app/MyTvBox</string>
				<key>FRAMEWORK_SEARCH_PATHS</key>
				<array>
					<string>$(SDKROOT)/Developer/Library/Frameworks</string>
					<string>$(inherited)</string>
					<string>$(DEVELOPER_FRAMEWORKS_DIR)</string>
				</array>
				<key>GCC_PRECOMPILE_PREFIX_HEADER</key>
				<string>YES</string>
				<key>GCC_PREFIX_HEADER</key>
				<string>MyTvBox/MyTvBox-Prefix.pch</string>
				<key>INFOPLIST_FILE</key>
				<string>MyTvBoxTests/MyTvBoxTests-Info.plist</string>
				<key>PRODUCT_NAME</key>
				<string>$(TARGET_NAME)</string>
				<key>TEST_HOST</key>
				<string>$(BUNDLE_LOADER)</string>
				<key>WRAPPER_EXTENSION</key>
				<string>xctest</string>
			</dict>
			<key>isa</key>
			<string>XCBuildConfiguration</string>
			<key>name</key>
			<string>Release</string>
		</dict>
		<key>678EF669F53C159FF24024DF</key>
		<dict>
			<key>fileRef</key>
			<string>D1D5D6BAD7F8525F0A9168F9</string>
			<key>isa</key>
			<string>PBXBuildFile</string>
		</dict>
		<key>86F049E3809455906A166F77</key>
		<dict>
			<key>buildActionMask</key>
			<string>2147483647</string>
			<key>files</key>
			<array/>
			<key>inputPaths</key>
			<array/>
			<key>isa</key>
			<string>PBXShellScriptBuildPhase</string>
			<key>name</key>
			<string>Check Pods Manifest.lock</string>
			<key>outputPaths</key>
			<array/>
			<key>runOnlyForDeploymentPostprocessing</key>
			<string>0</string>
			<key>shellPath</key>
			<string>/bin/sh</string>
			<key>shellScript</key>
			<string>diff "${PODS_ROOT}/../Podfile.lock" "${PODS_ROOT}/Manifest.lock" &gt; /dev/null
if [[ $? != 0 ]] ; then
    cat &lt;&lt; EOM
error: The sandbox is not in sync with the Podfile.lock. Run 'pod install' or update your CocoaPods installation.
EOM
    exit 1
fi
</string>
			<key>showEnvVarsInLog</key>
			<string>0</string>
		</dict>
		<key>BDD4AF809B68E2B7B3D34DF4</key>
		<dict>
			<key>children</key>
			<array>
				<string>451E884B96D2579E4BC1A927</string>
				<string>131F86079DE250D91BEF6308</string>
			</array>
			<key>isa</key>
			<string>PBXGroup</string>
			<key>name</key>
			<string>Pods</string>
			<key>sourceTree</key>
			<string>&lt;group&gt;</string>
		</dict>
		<key>D1D5D6BAD7F8525F0A9168F9</key>
		<dict>
			<key>explicitFileType</key>
			<string>archive.ar</string>
			<key>includeInIndex</key>
			<string>0</string>
			<key>isa</key>
			<string>PBXFileReference</string>
			<key>path</key>
			<string>libPods.a</string>
			<key>sourceTree</key>
			<string>BUILT_PRODUCTS_DIR</string>
		</dict>
	</dict>
	<key>rootObject</key>
	<string>4D1E3D9A19FC2C1E000D376C</string>
</dict>
</plist>
